
Microsoft Visual Studio Solution File, Format Version 10.00
# Visual Studio 2008
Project("{FAE04EC0-301F-11D3-BF4B-00C04F79EFBC}") = "SCore", "SCore\SCore.csproj", "{724A3767-D5DB-48FC-9CBE-1D7B784AA198}"
EndProject
Project("{FAE04EC0-301F-11D3-BF4B-00C04F79EFBC}") = "SCoreTest01", "SCoreTest01\SCoreTest01.csproj", "{9C3BE725-DA10-48A7-AA2F-7EFCDB5FE811}"
EndProject
Project("{FAE04EC0-301F-11D3-BF4B-00C04F79EFBC}") = "Soul", "Soul\Soul.csproj", "{76FA0FE5-E032-4932-AE7C-F1B2AF132656}"
EndProject
Global
	GlobalSection(SolutionConfigurationPlatforms) = preSolution
		Debug|Any CPU = Debug|Any CPU
		Release|Any CPU = Release|Any CPU
	EndGlobalSection
	GlobalSection(ProjectConfigurationPlatforms) = postSolution
		{724A3767-D5DB-48FC-9CBE-1D7B784AA198}.Debug|Any CPU.ActiveCfg = Debug|Any CPU
		{724A3767-D5DB-48FC-9CBE-1D7B784AA198}.Debug|Any CPU.Build.0 = Debug|Any CPU
		{724A3767-D5DB-48FC-9CBE-1D7B784AA198}.Release|Any CPU.ActiveCfg = Release|Any CPU
		{724A3767-D5DB-48FC-9CBE-1D7B784AA198}.Release|Any CPU.Build.0 = Release|Any CPU
		{9C3BE725-DA10-48A7-AA2F-7EFCDB5FE811}.Debug|Any CPU.ActiveCfg = Debug|Any CPU
		{9C3BE725-DA10-48A7-AA2F-7EFCDB5FE811}.Debug|Any CPU.Build.0 = Debug|Any CPU
		{9C3BE725-DA10-48A7-AA2F-7EFCDB5FE811}.Release|Any CPU.ActiveCfg = Release|Any CPU
		{9C3BE725-DA10-48A7-AA2F-7EFCDB5FE811}.Release|Any CPU.Build.0 = Release|Any CPU
		{76FA0FE5-E032-4932-AE7C-F1B2AF132656}.Debug|Any CPU.ActiveCfg = Debug|Any CPU
		{76FA0FE5-E032-4932-AE7C-F1B2AF132656}.Debug|Any CPU.Build.0 = Debug|Any CPU
		{76FA0FE5-E032-4932-AE7C-F1B2AF132656}.Release|Any CPU.ActiveCfg = Release|Any CPU
		{76FA0FE5-E032-4932-AE7C-F1B2AF132656}.Release|Any CPU.Build.0 = Release|Any CPU
	EndGlobalSection
	GlobalSection(SolutionProperties) = preSolution
		HideSolutionNode = FALSE
	EndGlobalSection
EndGlobal
